
Microsoft Visual Studio Solution File, Format Version 12.00
# Visual Studio Version 17
VisualStudioVersion = 17.14.36105.17 d17.14
MinimumVisualStudioVersion = 10.0.40219.1
Project("{FAE04EC0-301F-11D3-BF4B-00C04F79EFBC}") = "CompleteProject", "CompleteProject\CompleteProject.csproj", "{65AEE943-5209-4D5D-8EED-FAEF17516C72}"
EndProject
Global
	GlobalSection(SolutionConfigurationPlatforms) = preSolution
		Debug|Any CPU = Debug|Any CPU
		Release|Any CPU = Release|Any CPU
	EndGlobalSection
	GlobalSection(ProjectConfigurationPlatforms) = postSolution
		{65AEE943-5209-4D5D-8EED-FAEF17516C72}.Debug|Any CPU.ActiveCfg = Debug|Any CPU
		{65AEE943-5209-4D5D-8EED-FAEF17516C72}.Debug|Any CPU.Build.0 = Debug|Any CPU
		{65AEE943-5209-4D5D-8EED-FAEF17516C72}.Release|Any CPU.ActiveCfg = Release|Any CPU
		{65AEE943-5209-4D5D-8EED-FAEF17516C72}.Release|Any CPU.Build.0 = Release|Any CPU
	EndGlobalSection
	GlobalSection(SolutionProperties) = preSolution
		HideSolutionNode = FALSE
	EndGlobalSection
	GlobalSection(ExtensibilityGlobals) = postSolution
		SolutionGuid = {430C2079-7993-4107-866B-128310D0EF64}
	EndGlobalSection
EndGlobal
